Microsoft Visual Studio Solution File, Format Version 12.00
# Visual Studio Version 17
VisualStudioVersion = 17.5.2.0
MinimumVisualStudioVersion = 10.0.40219.1
Project("{FAE04EC0-301F-11D3-BF4B-00C04F79EFBC}") = "lojaderoupa", "lojaderoupa.csproj", "{10418D23-E871-EDE9-0B8A-3654B53D2D40}"
EndProject
Global
	GlobalSection(SolutionConfigurationPlatforms) = preSolution
		Debug|Any CPU = Debug|Any CPU
		Release|Any CPU = Release|Any CPU
	EndGlobalSection
	GlobalSection(ProjectConfigurationPlatforms) = postSolution
		{10418D23-E871-EDE9-0B8A-3654B53D2D40}.Debug|Any CPU.ActiveCfg = Debug|Any CPU
		{10418D23-E871-EDE9-0B8A-3654B53D2D40}.Debug|Any CPU.Build.0 = Debug|Any CPU
		{10418D23-E871-EDE9-0B8A-3654B53D2D40}.Release|Any CPU.ActiveCfg = Release|Any CPU
		{10418D23-E871-EDE9-0B8A-3654B53D2D40}.Release|Any CPU.Build.0 = Release|Any CPU
	EndGlobalSection
	GlobalSection(SolutionProperties) = preSolution
		HideSolutionNode = FALSE
	EndGlobalSection
	GlobalSection(ExtensibilityGlobals) = postSolution
		SolutionGuid = {2CE0FC05-33BD-477A-8D01-DE34D76C580F}
	EndGlobalSection
EndGlobal
